// !$*UTF8*$!
{
	archiveVersion = 1;
	classes = {
	};
	objectVersion = 46;
	objects = {

/* Begin PBXBuildFile section */
		E0297CE2183DB16C00CF05D2 /* NTImageStorage.m in Sources */ = {isa = PBXBuildFile; fileRef = E0297CE1183DB16C00CF05D2 /* NTImageStorage.m */; };
		E0608D82183C8071009469DE /* NTPhotosViewController.m in Sources */ = {isa = PBXBuildFile; fileRef = E0608D81183C8071009469DE /* NTPhotosViewController.m */; };
		E0608D85183C86BA009469DE /* PhotoCollectionViewDataSource.m in Sources */ = {isa = PBXBuildFile; fileRef = E0608D84183C86BA009469DE /* PhotoCollectionViewDataSource.m */; };
		E0608D88183C89C2009469DE /* NTPhoto.m in Sources */ = {isa = PBXBuildFile; fileRef = E0608D87183C89C2009469DE /* NTPhoto.m */; };
		E0608D8F183C92EB009469DE /* NTPhotoCell.m in Sources */ = {isa = PBXBuildFile; fileRef = E0608D8E183C92EB009469DE /* NTPhotoCell.m */; };
		E0608D91183C9316009469DE /* NTPhotoCell.xib in Resources */ = {isa = PBXBuildFile; fileRef = E0608D90183C9316009469DE /* NTPhotoCell.xib */; };
		E0608D94183CB61D009469DE /* ImageContainerView.m in Sources */ = {isa = PBXBuildFile; fileRef = E0608D93183CB61D009469DE /* ImageContainerView.m */; };
		E0608D97183CB6BF009469DE /* ImageStorage.m in Sources */ = {isa = PBXBuildFile; fileRef = E0608D96183CB6BF009469DE /* ImageStorage.m */; };
		E063BF09183C4F1500293D33 /* Foundation.framework in Frameworks */ = {isa = PBXBuildFile; fileRef = E063BF08183C4F1500293D33 /* Foundation.framework */; };
		E063BF0B183C4F1500293D33 /* CoreGraphics.framework in Frameworks */ = {isa = PBXBuildFile; fileRef = E063BF0A183C4F1500293D33 /* CoreGraphics.framework */; };
		E063BF0D183C4F1500293D33 /* UIKit.framework in Frameworks */ = {isa = PBXBuildFile; fileRef = E063BF0C183C4F1500293D33 /* UIKit.framework */; };
		E063BF13183C4F1500293D33 /* InfoPlist.strings in Resources */ = {isa = PBXBuildFile; fileRef = E063BF11183C4F1500293D33 /* InfoPlist.strings */; };
		E063BF15183C4F1500293D33 /* main.m in Sources */ = {isa = PBXBuildFile; fileRef = E063BF14183C4F1500293D33 /* main.m */; };
		E063BF19183C4F1500293D33 /* AppDelegate.m in Sources */ = {isa = PBXBuildFile; fileRef = E063BF18183C4F1500293D33 /* AppDelegate.m */; };
		E063BF1C183C4F1500293D33 /* Main.storyboard in Resources */ = {isa = PBXBuildFile; fileRef = E063BF1A183C4F1500293D33 /* Main.storyboard */; };
		E063BF1F183C4F1500293D33 /* ViewController.m in Sources */ = {isa = PBXBuildFile; fileRef = E063BF1E183C4F1500293D33 /* ViewController.m */; };
		E063BF21183C4F1500293D33 /* Images.xcassets in Resources */ = {isa = PBXBuildFile; fileRef = E063BF20183C4F1500293D33 /* Images.xcassets */; };
		E063BF28183C4F1500293D33 /* XCTest.framework in Frameworks */ = {isa = PBXBuildFile; fileRef = E063BF27183C4F1500293D33 /* XCTest.framework */; };
		E063BF29183C4F1500293D33 /* Foundation.framework in Frameworks */ = {isa = PBXBuildFile; fileRef = E063BF08183C4F1500293D33 /* Foundation.framework */; };
		E063BF2A183C4F1500293D33 /* UIKit.framework in Frameworks */ = {isa = PBXBuildFile; fileRef = E063BF0C183C4F1500293D33 /* UIKit.framework */; };
		E063BF32183C4F1500293D33 /* InfoPlist.strings in Resources */ = {isa = PBXBuildFile; fileRef = E063BF30183C4F1500293D33 /* InfoPlist.strings */; };
		E063BF34183C4F1500293D33 /* NTImagePickerTests.m in Sources */ = {isa = PBXBuildFile; fileRef = E063BF33183C4F1500293D33 /* NTImagePickerTests.m */; };
		E063BF3E183C50B000293D33 /* AssetsLibrary.framework in Frameworks */ = {isa = PBXBuildFile; fileRef = E063BF3D183C50B000293D33 /* AssetsLibrary.framework */; };
		E063BF41183C511600293D33 /* NTNavigationController.m in Sources */ = {isa = PBXBuildFile; fileRef = E063BF40183C511600293D33 /* NTNavigationController.m */; };
		E063BF44183C51BB00293D33 /* NTSuperViewController.m in Sources */ = {isa = PBXBuildFile; fileRef = E063BF43183C51BB00293D33 /* NTSuperViewController.m */; };
		E063BF47183C51FD00293D33 /* NTAlbumViewController.m in Sources */ = {isa = PBXBuildFile; fileRef = E063BF46183C51FD00293D33 /* NTAlbumViewController.m */; };
		E0A061091840ABE3001AE69A /* NTImagePicker.m in Sources */ = {isa = PBXBuildFile; fileRef = E0A061081840ABE3001AE69A /* NTImagePicker.m */; };
		E0A1684A183C5A3900608985 /* AlbumTableDataSource.m in Sources */ = {isa = PBXBuildFile; fileRef = E0A16849183C5A3900608985 /* AlbumTableDataSource.m */; };
		E0A1684D183C704F00608985 /* AssetParseEngine.m in Sources */ = {isa = PBXBuildFile; fileRef = E0A1684C183C704F00608985 /* AssetParseEngine.m */; };
		E0A16850183C727900608985 /* NTAlbum.m in Sources */ = {isa = PBXBuildFile; fileRef = E0A1684F183C727900608985 /* NTAlbum.m */; };
/* End PBXBuildFile section */

/* Begin PBXContainerItemProxy section */
		E063BF2B183C4F1500293D33 /* PBXContainerItemProxy */ = {
			isa = PBXContainerItemProxy;
			containerPortal = E063BEFD183C4F1500293D33 /* Project object */;
			proxyType = 1;
			remoteGlobalIDString = E063BF04183C4F1500293D33;
			remoteInfo = NTImagePicker;
		};
/* End PBXContainerItemProxy section */

/* Begin PBXFileReference section */
		E0297CE0183DB16C00CF05D2 /* NTImageStorage.h */ = {isa = PBXFileReference; fileEncoding = 4; lastKnownFileType = sourcecode.c.h; path = NTImageStorage.h; sourceTree = "<group>"; };
		E0297CE1183DB16C00CF05D2 /* NTImageStorage.m */ = {isa = PBXFileReference; fileEncoding = 4; lastKnownFileType = sourcecode.c.objc; path = NTImageStorage.m; sourceTree = "<group>"; };
		E0608D80183C8071009469DE /* NTPhotosViewController.h */ = {isa = PBXFileReference; fileEncoding = 4; lastKnownFileType = sourcecode.c.h; path = NTPhotosViewController.h; sourceTree = "<group>"; };
		E0608D81183C8071009469DE /* NTPhotosViewController.m */ = {isa = PBXFileReference; fileEncoding = 4; lastKnownFileType = sourcecode.c.objc; path = NTPhotosViewController.m; sourceTree = "<group>"; };
		E0608D83183C86BA009469DE /* PhotoCollectionViewDataSource.h */ = {isa = PBXFileReference; fileEncoding = 4; lastKnownFileType = sourcecode.c.h; path = PhotoCollectionViewDataSource.h; sourceTree = "<group>"; };
		E0608D84183C86BA009469DE /* PhotoCollectionViewDataSource.m */ = {isa = PBXFileReference; fileEncoding = 4; lastKnownFileType = sourcecode.c.objc; path = PhotoCollectionViewDataSource.m; sourceTree = "<group>"; };
		E0608D86183C89C2009469DE /* NTPhoto.h */ = {isa = PBXFileReference; fileEncoding = 4; lastKnownFileType = sourcecode.c.h; path = NTPhoto.h; sourceTree = "<group>"; };
		E0608D87183C89C2009469DE /* NTPhoto.m */ = {isa = PBXFileReference; fileEncoding = 4; lastKnownFileType = sourcecode.c.objc; path = NTPhoto.m; sourceTree = "<group>"; };
		E0608D8D183C92EB009469DE /* NTPhotoCell.h */ = {isa = PBXFileReference; fileEncoding = 4; lastKnownFileType = sourcecode.c.h; path = NTPhotoCell.h; sourceTree = "<group>"; };
		E0608D8E183C92EB009469DE /* NTPhotoCell.m */ = {isa = PBXFileReference; fileEncoding = 4; lastKnownFileType = sourcecode.c.objc; path = NTPhotoCell.m; sourceTree = "<group>"; };
		E0608D90183C9316009469DE /* NTPhotoCell.xib */ = {isa = PBXFileReference; fileEncoding = 4; lastKnownFileType = file.xib; path = NTPhotoCell.xib; sourceTree = "<group>"; };
		E0608D92183CB61D009469DE /* ImageContainerView.h */ = {isa = PBXFileReference; fileEncoding = 4; lastKnownFileType = sourcecode.c.h; path = ImageContainerView.h; sourceTree = "<group>"; };
		E0608D93183CB61D009469DE /* ImageContainerView.m */ = {isa = PBXFileReference; fileEncoding = 4; lastKnownFileType = sourcecode.c.objc; path = ImageContainerView.m; sourceTree = "<group>"; };
		E0608D95183CB6BF009469DE /* ImageStorage.h */ = {isa = PBXFileReference; fileEncoding = 4; lastKnownFileType = sourcecode.c.h; path = ImageStorage.h; sourceTree = "<group>"; };
		E0608D96183CB6BF009469DE /* ImageStorage.m */ = {isa = PBXFileReference; fileEncoding = 4; lastKnownFileType = sourcecode.c.objc; path = ImageStorage.m; sourceTree = "<group>"; };
		E063BF05183C4F1500293D33 /* NTImagePicker.app */ = {isa = PBXFileReference; explicitFileType = wrapper.application; includeInIndex = 0; path = NTImagePicker.app; sourceTree = BUILT_PRODUCTS_DIR; };
		E063BF08183C4F1500293D33 /* Foundation.framework */ = {isa = PBXFileReference; lastKnownFileType = wrapper.framework; name = Foundation.framework; path = System/Library/Frameworks/Foundation.framework; sourceTree = SDKROOT; };
		E063BF0A183C4F1500293D33 /* CoreGraphics.framework */ = {isa = PBXFileReference; lastKnownFileType = wrapper.framework; name = CoreGraphics.framework; path = System/Library/Frameworks/CoreGraphics.framework; sourceTree = SDKROOT; };
		E063BF0C183C4F1500293D33 /* UIKit.framework */ = {isa = PBXFileReference; lastKnownFileType = wrapper.framework; name = UIKit.framework; path = System/Library/Frameworks/UIKit.framework; sourceTree = SDKROOT; };
		E063BF10183C4F1500293D33 /* NTImagePicker-Info.plist */ = {isa = PBXFileReference; lastKnownFileType = text.plist.xml; path = "NTImagePicker-Info.plist"; sourceTree = "<group>"; };
		E063BF12183C4F1500293D33 /* en */ = {isa = PBXFileReference; lastKnownFileType = text.plist.strings; name = en; path = en.lproj/InfoPlist.strings; sourceTree = "<group>"; };
		E063BF14183C4F1500293D33 /* main.m */ = {isa = PBXFileReference; lastKnownFileType = sourcecode.c.objc; path = main.m; sourceTree = "<group>"; };
		E063BF16183C4F1500293D33 /* NTImagePicker-Prefix.pch */ = {isa = PBXFileReference; lastKnownFileType = sourcecode.c.h; path = "NTImagePicker-Prefix.pch"; sourceTree = "<group>"; };
		E063BF17183C4F1500293D33 /* AppDelegate.h */ = {isa = PBXFileReference; lastKnownFileType = sourcecode.c.h; path = AppDelegate.h; sourceTree = "<group>"; };
		E063BF18183C4F1500293D33 /* AppDelegate.m */ = {isa = PBXFileReference; lastKnownFileType = sourcecode.c.objc; path = AppDelegate.m; sourceTree = "<group>"; };
		E063BF1B183C4F1500293D33 /* Base */ = {isa = PBXFileReference; lastKnownFileType = file.storyboard; name = Base; path = Base.lproj/Main.storyboard; sourceTree = "<group>"; };
		E063BF1D183C4F1500293D33 /* ViewController.h */ = {isa = PBXFileReference; lastKnownFileType = sourcecode.c.h; path = ViewController.h; sourceTree = "<group>"; };
		E063BF1E183C4F1500293D33 /* ViewController.m */ = {isa = PBXFileReference; lastKnownFileType = sourcecode.c.objc; path = ViewController.m; sourceTree = "<group>"; };
		E063BF20183C4F1500293D33 /* Images.xcassets */ = {isa = PBXFileReference; lastKnownFileType = folder.assetcatalog; path = Images.xcassets; sourceTree = "<group>"; };
		E063BF26183C4F1500293D33 /* NTImagePickerTests.xctest */ = {isa = PBXFileReference; explicitFileType = wrapper.cfbundle; includeInIndex = 0; path = NTImagePickerTests.xctest; sourceTree = BUILT_PRODUCTS_DIR; };
		E063BF27183C4F1500293D33 /* XCTest.framework */ = {isa = PBXFileReference; lastKnownFileType = wrapper.framework; name = XCTest.framework; path = Library/Frameworks/XCTest.framework; sourceTree = DEVELOPER_DIR; };
		E063BF2F183C4F1500293D33 /* NTImagePickerTests-Info.plist */ = {isa = PBXFileReference; lastKnownFileType = text.plist.xml; path = "NTImagePickerTests-Info.plist"; sourceTree = "<group>"; };
		E063BF31183C4F1500293D33 /* en */ = {isa = PBXFileReference; lastKnownFileType = text.plist.strings; name = en; path = en.lproj/InfoPlist.strings; sourceTree = "<group>"; };
		E063BF33183C4F1500293D33 /* NTImagePickerTests.m */ = {isa = PBXFileReference; lastKnownFileType = sourcecode.c.objc; path = NTImagePickerTests.m; sourceTree = "<group>"; };
		E063BF3D183C50B000293D33 /* AssetsLibrary.framework */ = {isa = PBXFileReference; lastKnownFileType = wrapper.framework; name = AssetsLibrary.framework; path = System/Library/Frameworks/AssetsLibrary.framework; sourceTree = SDKROOT; };
		E063BF3F183C511600293D33 /* NTNavigationController.h */ = {isa = PBXFileReference; fileEncoding = 4; lastKnownFileType = sourcecode.c.h; path = NTNavigationController.h; sourceTree = "<group>"; };
		E063BF40183C511600293D33 /* NTNavigationController.m */ = {isa = PBXFileReference; fileEncoding = 4; lastKnownFileType = sourcecode.c.objc; path = NTNavigationController.m; sourceTree = "<group>"; };
		E063BF42183C51BB00293D33 /* NTSuperViewController.h */ = {isa = PBXFileReference; fileEncoding = 4; lastKnownFileType = sourcecode.c.h; path = NTSuperViewController.h; sourceTree = "<group>"; };
		E063BF43183C51BB00293D33 /* NTSuperViewController.m */ = {isa = PBXFileReference; fileEncoding = 4; lastKnownFileType = sourcecode.c.objc; path = NTSuperViewController.m; sourceTree = "<group>"; };
		E063BF45183C51FD00293D33 /* NTAlbumViewController.h */ = {isa = PBXFileReference; fileEncoding = 4; lastKnownFileType = sourcecode.c.h; path = NTAlbumViewController.h; sourceTree = "<group>"; };
		E063BF46183C51FD00293D33 /* NTAlbumViewController.m */ = {isa = PBXFileReference; fileEncoding = 4; lastKnownFileType = sourcecode.c.objc; path = NTAlbumViewController.m; sourceTree = "<group>"; };
		E0A061071840ABE3001AE69A /* NTImagePicker.h */ = {isa = PBXFileReference; fileEncoding = 4; lastKnownFileType = sourcecode.c.h; path = NTImagePicker.h; sourceTree = "<group>"; };
		E0A061081840ABE3001AE69A /* NTImagePicker.m */ = {isa = PBXFileReference; fileEncoding = 4; lastKnownFileType = sourcecode.c.objc; path = NTImagePicker.m; sourceTree = "<group>"; };
		E0A16848183C5A3900608985 /* AlbumTableDataSource.h */ = {isa = PBXFileReference; fileEncoding = 4; lastKnownFileType = sourcecode.c.h; path = AlbumTableDataSource.h; sourceTree = "<group>"; };
		E0A16849183C5A3900608985 /* AlbumTableDataSource.m */ = {isa = PBXFileReference; fileEncoding = 4; lastKnownFileType = sourcecode.c.objc; path = AlbumTableDataSource.m; sourceTree = "<group>"; };
		E0A1684B183C704F00608985 /* AssetParseEngine.h */ = {isa = PBXFileReference; fileEncoding = 4; lastKnownFileType = sourcecode.c.h; path = AssetParseEngine.h; sourceTree = "<group>"; };
		E0A1684C183C704F00608985 /* AssetParseEngine.m */ = {isa = PBXFileReference; fileEncoding = 4; lastKnownFileType = sourcecode.c.objc; path = AssetParseEngine.m; sourceTree = "<group>"; };
		E0A1684E183C727900608985 /* NTAlbum.h */ = {isa = PBXFileReference; fileEncoding = 4; lastKnownFileType = sourcecode.c.h; path = NTAlbum.h; sourceTree = "<group>"; };
		E0A1684F183C727900608985 /* NTAlbum.m */ = {isa = PBXFileReference; fileEncoding = 4; lastKnownFileType = sourcecode.c.objc; path = NTAlbum.m; sourceTree = "<group>"; };
/* End PBXFileReference section */

/* Begin PBXFrameworksBuildPhase section */
		E063BF02183C4F1500293D33 /* Frameworks */ = {
			isa = PBXFrameworksBuildPhase;
			buildActionMask = 2147483647;
			files = (
				E063BF3E183C50B000293D33 /* AssetsLibrary.framework in Frameworks */,
				E063BF0B183C4F1500293D33 /* CoreGraphics.framework in Frameworks */,
				E063BF0D183C4F1500293D33 /* UIKit.framework in Frameworks */,
				E063BF09183C4F1500293D33 /* Foundation.framework in Frameworks */,
			);
			runOnlyForDeploymentPostprocessing = 0;
		};
		E063BF23183C4F1500293D33 /* Frameworks */ = {
			isa = PBXFrameworksBuildPhase;
			buildActionMask = 2147483647;
			files = (
				E063BF28183C4F1500293D33 /* XCTest.framework in Frameworks */,
				E063BF2A183C4F1500293D33 /* UIKit.framework in Frameworks */,
				E063BF29183C4F1500293D33 /* Foundation.framework in Frameworks */,
			);
			runOnlyForDeploymentPostprocessing = 0;
		};
/* End PBXFrameworksBuildPhase section */

/* Begin PBXGroup section */
		E0608D89183C9172009469DE /* Controllers */ = {
			isa = PBXGroup;
			children = (
				E0A061071840ABE3001AE69A /* NTImagePicker.h */,
				E0A061081840ABE3001AE69A /* NTImagePicker.m */,
				E063BF3F183C511600293D33 /* NTNavigationController.h */,
				E063BF40183C511600293D33 /* NTNavigationController.m */,
				E063BF42183C51BB00293D33 /* NTSuperViewController.h */,
				E063BF43183C51BB00293D33 /* NTSuperViewController.m */,
				E063BF45183C51FD00293D33 /* NTAlbumViewController.h */,
				E063BF46183C51FD00293D33 /* NTAlbumViewController.m */,
				E0608D80183C8071009469DE /* NTPhotosViewController.h */,
				E0608D81183C8071009469DE /* NTPhotosViewController.m */,
			);
			name = Controllers;
			sourceTree = "<group>";
		};
		E0608D8A183C9184009469DE /* Model */ = {
			isa = PBXGroup;
			children = (
				E0A1684E183C727900608985 /* NTAlbum.h */,
				E0A1684F183C727900608985 /* NTAlbum.m */,
				E0608D86183C89C2009469DE /* NTPhoto.h */,
				E0608D87183C89C2009469DE /* NTPhoto.m */,
			);
			name = Model;
			sourceTree = "<group>";
		};
		E0608D8B183C9192009469DE /* Util */ = {
			isa = PBXGroup;
			children = (
				E0608D83183C86BA009469DE /* PhotoCollectionViewDataSource.h */,
				E0608D84183C86BA009469DE /* PhotoCollectionViewDataSource.m */,
				E0A16848183C5A3900608985 /* AlbumTableDataSource.h */,
				E0A16849183C5A3900608985 /* AlbumTableDataSource.m */,
				E0A1684B183C704F00608985 /* AssetParseEngine.h */,
				E0A1684C183C704F00608985 /* AssetParseEngine.m */,
				E0608D95183CB6BF009469DE /* ImageStorage.h */,
				E0608D96183CB6BF009469DE /* ImageStorage.m */,
				E0297CE0183DB16C00CF05D2 /* NTImageStorage.h */,
				E0297CE1183DB16C00CF05D2 /* NTImageStorage.m */,
			);
			name = Util;
			sourceTree = "<group>";
		};
		E0608D8C183C9207009469DE /* View */ = {
			isa = PBXGroup;
			children = (
				E0608D8D183C92EB009469DE /* NTPhotoCell.h */,
				E0608D8E183C92EB009469DE /* NTPhotoCell.m */,
				E0608D90183C9316009469DE /* NTPhotoCell.xib */,
				E0608D92183CB61D009469DE /* ImageContainerView.h */,
				E0608D93183CB61D009469DE /* ImageContainerView.m */,
			);
			name = View;
			sourceTree = "<group>";
		};
		E063BEFC183C4F1500293D33 = {
			isa = PBXGroup;
			children = (
				E063BF0E183C4F1500293D33 /* NTImagePicker */,
				E063BF2D183C4F1500293D33 /* NTImagePickerTests */,
				E063BF07183C4F1500293D33 /* Frameworks */,
				E063BF06183C4F1500293D33 /* Products */,
			);
			sourceTree = "<group>";
		};
		E063BF06183C4F1500293D33 /* Products */ = {
			isa = PBXGroup;
			children = (
				E063BF05183C4F1500293D33 /* NTImagePicker.app */,
				E063BF26183C4F1500293D33 /* NTImagePickerTests.xctest */,
			);
			name = Products;
			sourceTree = "<group>";
		};
		E063BF07183C4F1500293D33 /* Frameworks */ = {
			isa = PBXGroup;
			children = (
				E063BF3D183C50B000293D33 /* AssetsLibrary.framework */,
				E063BF08183C4F1500293D33 /* Foundation.framework */,
				E063BF0A183C4F1500293D33 /* CoreGraphics.framework */,
				E063BF0C183C4F1500293D33 /* UIKit.framework */,
				E063BF27183C4F1500293D33 /* XCTest.framework */,
			);
			name = Frameworks;
			sourceTree = "<group>";
		};
		E063BF0E183C4F1500293D33 /* NTImagePicker */ = {
			isa = PBXGroup;
			children = (
				E063BF17183C4F1500293D33 /* AppDelegate.h */,
				E063BF18183C4F1500293D33 /* AppDelegate.m */,
				E063BF1A183C4F1500293D33 /* Main.storyboard */,
				E063BF1D183C4F1500293D33 /* ViewController.h */,
				E063BF1E183C4F1500293D33 /* ViewController.m */,
				E063BF20183C4F1500293D33 /* Images.xcassets */,
				E0608D8A183C9184009469DE /* Model */,
				E0608D8C183C9207009469DE /* View */,
				E0608D89183C9172009469DE /* Controllers */,
				E0608D8B183C9192009469DE /* Util */,
				E063BF0F183C4F1500293D33 /* Supporting Files */,
			);
			path = NTImagePicker;
			sourceTree = "<group>";
		};
		E063BF0F183C4F1500293D33 /* Supporting Files */ = {
			isa = PBXGroup;
			children = (
				E063BF10183C4F1500293D33 /* NTImagePicker-Info.plist */,
				E063BF11183C4F1500293D33 /* InfoPlist.strings */,
				E063BF14183C4F1500293D33 /* main.m */,
				E063BF16183C4F1500293D33 /* NTImagePicker-Prefix.pch */,
			);
			name = "Supporting Files";
			sourceTree = "<group>";
		};
		E063BF2D183C4F1500293D33 /* NTImagePickerTests */ = {
			isa = PBXGroup;
			children = (
				E063BF33183C4F1500293D33 /* NTImagePickerTests.m */,
				E063BF2E183C4F1500293D33 /* Supporting Files */,
			);
			path = NTImagePickerTests;
			sourceTree = "<group>";
		};
		E063BF2E183C4F1500293D33 /* Supporting Files */ = {
			isa = PBXGroup;
			children = (
				E063BF2F183C4F1500293D33 /* NTImagePickerTests-Info.plist */,
				E063BF30183C4F1500293D33 /* InfoPlist.strings */,
			);
			name = "Supporting Files";
			sourceTree = "<group>";
		};
/* End PBXGroup section */

/* Begin PBXNativeTarget section */
		E063BF04183C4F1500293D33 /* NTImagePicker */ = {
			isa = PBXNativeTarget;
			buildConfigurationList = E063BF37183C4F1500293D33 /* Build configuration list for PBXNativeTarget "NTImagePicker" */;
			buildPhases = (
				E063BF01183C4F1500293D33 /* Sources */,
				E063BF02183C4F1500293D33 /* Frameworks */,
				E063BF03183C4F1500293D33 /* Resources */,
			);
			buildRules = (
			);
			dependencies = (
			);
			name = NTImagePicker;
			productName = NTImagePicker;
			productReference = E063BF05183C4F1500293D33 /* NTImagePicker.app */;
			productType = "com.apple.product-type.application";
		};
		E063BF25183C4F1500293D33 /* NTImagePickerTests */ = {
			isa = PBXNativeTarget;
			buildConfigurationList = E063BF3A183C4F1500293D33 /* Build configuration list for PBXNativeTarget "NTImagePickerTests" */;
			buildPhases = (
				E063BF22183C4F1500293D33 /* Sources */,
				E063BF23183C4F1500293D33 /* Frameworks */,
				E063BF24183C4F1500293D33 /* Resources */,
			);
			buildRules = (
			);
			dependencies = (
				E063BF2C183C4F1500293D33 /* PBXTargetDependency */,
			);
			name = NTImagePickerTests;
			productName = NTImagePickerTests;
			productReference = E063BF26183C4F1500293D33 /* NTImagePickerTests.xctest */;
			productType = "com.apple.product-type.bundle.unit-test";
		};
/* End PBXNativeTarget section */

/* Begin PBXProject section */
		E063BEFD183C4F1500293D33 /* Project object */ = {
			isa = PBXProject;
			attributes = {
				LastUpgradeCheck = 0500;
				ORGANIZATIONNAME = "Liu Zhuang";
				TargetAttributes = {
					E063BF04183C4F1500293D33 = {
						DevelopmentTeam = ZZ964ZAERM;
					};
					E063BF25183C4F1500293D33 = {
						TestTargetID = E063BF04183C4F1500293D33;
					};
				};
			};
			buildConfigurationList = E063BF00183C4F1500293D33 /* Build configuration list for PBXProject "NTImagePicker" */;
			compatibilityVersion = "Xcode 3.2";
			developmentRegion = English;
			hasScannedForEncodings = 0;
			knownRegions = (
				en,
				Base,
			);
			mainGroup = E063BEFC183C4F1500293D33;
			productRefGroup = E063BF06183C4F1500293D33 /* Products */;
			projectDirPath = "";
			projectRoot = "";
			targets = (
				E063BF04183C4F1500293D33 /* NTImagePicker */,
				E063BF25183C4F1500293D33 /* NTImagePickerTests */,
			);
		};
/* End PBXProject section */

/* Begin PBXResourcesBuildPhase section */
		E063BF03183C4F1500293D33 /* Resources */ = {
			isa = PBXResourcesBuildPhase;
			buildActionMask = 2147483647;
			files = (
				E0608D91183C9316009469DE /* NTPhotoCell.xib in Resources */,
				E063BF21183C4F1500293D33 /* Images.xcassets in Resources */,
				E063BF13183C4F1500293D33 /* InfoPlist.strings in Resources */,
				E063BF1C183C4F1500293D33 /* Main.storyboard in Resources */,
			);
			runOnlyForDeploymentPostprocessing = 0;
		};
		E063BF24183C4F1500293D33 /* Resources */ = {
			isa = PBXResourcesBuildPhase;
			buildActionMask = 2147483647;
			files = (
				E063BF32183C4F1500293D33 /* InfoPlist.strings in Resources */,
			);
			runOnlyForDeploymentPostprocessing = 0;
		};
/* End PBXResourcesBuildPhase section */

/* Begin PBXSourcesBuildPhase section */
		E063BF01183C4F1500293D33 /* Sources */ = {
			isa = PBXSourcesBuildPhase;
			buildActionMask = 2147483647;
			files = (
				E063BF47183C51FD00293D33 /* NTAlbumViewController.m in Sources */,
				E063BF1F183C4F1500293D33 /* ViewController.m in Sources */,
				E0608D94183CB61D009469DE /* ImageContainerView.m in Sources */,
				E0608D97183CB6BF009469DE /* ImageStorage.m in Sources */,
				E063BF44183C51BB00293D33 /* NTSuperViewController.m in Sources */,
				E0297CE2183DB16C00CF05D2 /* NTImageStorage.m in Sources */,
				E0A1684A183C5A3900608985 /* AlbumTableDataSource.m in Sources */,
				E0608D85183C86BA009469DE /* PhotoCollectionViewDataSource.m in Sources */,
				E0608D8F183C92EB009469DE /* NTPhotoCell.m in Sources */,
				E0A061091840ABE3001AE69A /* NTImagePicker.m in Sources */,
				E063BF41183C511600293D33 /* NTNavigationController.m in Sources */,
				E0A16850183C727900608985 /* NTAlbum.m in Sources */,
				E063BF19183C4F1500293D33 /* AppDelegate.m in Sources */,
				E0608D88183C89C2009469DE /* NTPhoto.m in Sources */,
				E0608D82183C8071009469DE /* NTPhotosViewController.m in Sources */,
				E0A1684D183C704F00608985 /* AssetParseEngine.m in Sources */,
				E063BF15183C4F1500293D33 /* main.m in Sources */,
			);
			runOnlyForDeploymentPostprocessing = 0;
		};
		E063BF22183C4F1500293D33 /* Sources */ = {
			isa = PBXSourcesBuildPhase;
			buildActionMask = 2147483647;
			files = (
				E063BF34183C4F1500293D33 /* NTImagePickerTests.m in Sources */,
			);
			runOnlyForDeploymentPostprocessing = 0;
		};
/* End PBXSourcesBuildPhase section */

/* Begin PBXTargetDependency section */
		E063BF2C183C4F1500293D33 /* PBXTargetDependency */ = {
			isa = PBXTargetDependency;
			target = E063BF04183C4F1500293D33 /* NTImagePicker */;
			targetProxy = E063BF2B183C4F1500293D33 /* PBXContainerItemProxy */;
		};
/* End PBXTargetDependency section */

/* Begin PBXVariantGroup section */
		E063BF11183C4F1500293D33 /* InfoPlist.strings */ = {
			isa = PBXVariantGroup;
			children = (
				E063BF12183C4F1500293D33 /* en */,
			);
			name = InfoPlist.strings;
			sourceTree = "<group>";
		};
		E063BF1A183C4F1500293D33 /* Main.storyboard */ = {
			isa = PBXVariantGroup;
			children = (
				E063BF1B183C4F1500293D33 /* Base */,
			);
			name = Main.storyboard;
			sourceTree = "<group>";
		};
		E063BF30183C4F1500293D33 /* InfoPlist.strings */ = {
			isa = PBXVariantGroup;
			children = (
				E063BF31183C4F1500293D33 /* en */,
			);
			name = InfoPlist.strings;
			sourceTree = "<group>";
		};
/* End PBXVariantGroup section */

/* Begin XCBuildConfiguration section */
		E063BF35183C4F1500293D33 /* Debug */ = {
			isa = XCBuildConfiguration;
			buildSettings = {
				ALWAYS_SEARCH_USER_PATHS = NO;
				ARCHS = "$(ARCHS_STANDARD_INCLUDING_64_BIT)";
				CLANG_CXX_LANGUAGE_STANDARD = "gnu++0x";
				CLANG_CXX_LIBRARY = "libc++";
				CLANG_ENABLE_MODULES = YES;
				CLANG_ENABLE_OBJC_ARC = YES;
				CLANG_WARN_BOOL_CONVERSION = YES;
				CLANG_WARN_CONSTANT_CONVERSION = YES;
				CLANG_WARN_DIRECT_OBJC_ISA_USAGE = YES_ERROR;
				CLANG_WARN_EMPTY_BODY = YES;
				CLANG_WARN_ENUM_CONVERSION = YES;
				CLANG_WARN_INT_CONVERSION = YES;
				CLANG_WARN_OBJC_ROOT_CLASS = YES_ERROR;
				CLANG_WARN__DUPLICATE_METHOD_MATCH = YES;
				CODE_SIGN_IDENTITY = "iPhone Distribution: Weidong Chen (ZZ964ZAERM)";
				"CODE_SIGN_IDENTITY[sdk=iphoneos*]" = "iPhone Distribution: Weidong Chen (ZZ964ZAERM)";
				COPY_PHASE_STRIP = NO;
				GCC_C_LANGUAGE_STANDARD = gnu99;
				GCC_DYNAMIC_NO_PIC = NO;
				GCC_OPTIMIZATION_LEVEL = 0;
				GCC_PREPROCESSOR_DEFINITIONS = (
					"DEBUG=1",
					"$(inherited)",
				);
				GCC_SYMBOLS_PRIVATE_EXTERN = NO;
				GCC_WARN_64_TO_32_BIT_CONVERSION = YES;
				GCC_WARN_ABOUT_RETURN_TYPE = YES_ERROR;
				GCC_WARN_UNDECLARED_SELECTOR = YES;
				GCC_WARN_UNINITIALIZED_AUTOS = YES;
				GCC_WARN_UNUSED_FUNCTION = YES;
				GCC_WARN_UNUSED_VARIABLE = YES;
				IPHONEOS_DEPLOYMENT_TARGET = 7.0;
				ONLY_ACTIVE_ARCH = YES;
				SDKROOT = iphoneos;
			};
			name = Debug;
		};
		E063BF36183C4F1500293D33 /* Release */ = {
			isa = XCBuildConfiguration;
			buildSettings = {
				ALWAYS_SEARCH_USER_PATHS = NO;
				ARCHS = "$(ARCHS_STANDARD_INCLUDING_64_BIT)";
				CLANG_CXX_LANGUAGE_STANDARD = "gnu++0x";
				CLANG_CXX_LIBRARY = "libc++";
				CLANG_ENABLE_MODULES = YES;
				CLANG_ENABLE_OBJC_ARC = YES;
				CLANG_WARN_BOOL_CONVERSION = YES;
				CLANG_WARN_CONSTANT_CONVERSION = YES;
				CLANG_WARN_DIRECT_OBJC_ISA_USAGE = YES_ERROR;
				CLANG_WARN_EMPTY_BODY = YES;
				CLANG_WARN_ENUM_CONVERSION = YES;
				CLANG_WARN_INT_CONVERSION = YES;
				CLANG_WARN_OBJC_ROOT_CLASS = YES_ERROR;
				CLANG_WARN__DUPLICATE_METHOD_MATCH = YES;
				CODE_SIGN_IDENTITY = "iPhone Distribution: Weidong Chen (ZZ964ZAERM)";
				"CODE_SIGN_IDENTITY[sdk=iphoneos*]" = "iPhone Distribution: Weidong Chen (ZZ964ZAERM)";
				COPY_PHASE_STRIP = YES;
				ENABLE_NS_ASSERTIONS = NO;
				GCC_C_LANGUAGE_STANDARD = gnu99;
				GCC_WARN_64_TO_32_BIT_CONVERSION = YES;
				GCC_WARN_ABOUT_RETURN_TYPE = YES_ERROR;
				GCC_WARN_UNDECLARED_SELECTOR = YES;
				GCC_WARN_UNINITIALIZED_AUTOS = YES;
				GCC_WARN_UNUSED_FUNCTION = YES;
				GCC_WARN_UNUSED_VARIABLE = YES;
				IPHONEOS_DEPLOYMENT_TARGET = 7.0;
				SDKROOT = iphoneos;
				VALIDATE_PRODUCT = YES;
			};
			name = Release;
		};
		E063BF38183C4F1500293D33 /* Debug */ = {
			isa = XCBuildConfiguration;
			buildSettings = {
				ASSETCATALOG_COMPILER_APPICON_NAME = AppIcon;
				ASSETCATALOG_COMPILER_LAUNCHIMAGE_NAME = LaunchImage;
				CODE_SIGN_IDENTITY = "iPhone Developer";
				"CODE_SIGN_IDENTITY[sdk=iphoneos*]" = "iPhone Developer";
				GCC_PRECOMPILE_PREFIX_HEADER = YES;
				GCC_PREFIX_HEADER = "NTImagePicker/NTImagePicker-Prefix.pch";
				INFOPLIST_FILE = "NTImagePicker/NTImagePicker-Info.plist";
				IPHONEOS_DEPLOYMENT_TARGET = 6.0;
				PRODUCT_NAME = "$(TARGET_NAME)";
				PROVISIONING_PROFILE = "";
				WRAPPER_EXTENSION = app;
			};
			name = Debug;
		};
		E063BF39183C4F1500293D33 /* Release */ = {
			isa = XCBuildConfiguration;
			buildSettings = {
				ASSETCATALOG_COMPILER_APPICON_NAME = AppIcon;
				ASSETCATALOG_COMPILER_LAUNCHIMAGE_NAME = LaunchImage;
				CODE_SIGN_IDENTITY = "iPhone Developer";
				"CODE_SIGN_IDENTITY[sdk=iphoneos*]" = "iPhone Developer";
				GCC_PRECOMPILE_PREFIX_HEADER = YES;
				GCC_PREFIX_HEADER = "NTImagePicker/NTImagePicker-Prefix.pch";
				INFOPLIST_FILE = "NTImagePicker/NTImagePicker-Info.plist";
				IPHONEOS_DEPLOYMENT_TARGET = 6.0;
				PRODUCT_NAME = "$(TARGET_NAME)";
				PROVISIONING_PROFILE = "";
				WRAPPER_EXTENSION = app;
			};
			name = Release;
		};
		E063BF3B183C4F1500293D33 /* Debug */ = {
			isa = XCBuildConfiguration;
			buildSettings = {
				ARCHS = "$(ARCHS_STANDARD_INCLUDING_64_BIT)";
				BUNDLE_LOADER = "$(BUILT_PRODUCTS_DIR)/NTImagePicker.app/NTImagePicker";
				FRAMEWORK_SEARCH_PATHS = (
					"$(SDKROOT)/Developer/Library/Frameworks",
					"$(inherited)",
					"$(DEVELOPER_FRAMEWORKS_DIR)",
				);
				GCC_PRECOMPILE_PREFIX_HEADER = YES;
				GCC_PREFIX_HEADER = "NTImagePicker/NTImagePicker-Prefix.pch";
				GCC_PREPROCESSOR_DEFINITIONS = (
					"DEBUG=1",
					"$(inherited)",
				);
				INFOPLIST_FILE = "NTImagePickerTests/NTImagePickerTests-Info.plist";
				PRODUCT_NAME = "$(TARGET_NAME)";
				TEST_HOST = "$(BUNDLE_LOADER)";
				WRAPPER_EXTENSION = xctest;
			};
			name = Debug;
		};
		E063BF3C183C4F1500293D33 /* Release */ = {
			isa = XCBuildConfiguration;
			buildSettings = {
				ARCHS = "$(ARCHS_STANDARD_INCLUDING_64_BIT)";
				BUNDLE_LOADER = "$(BUILT_PRODUCTS_DIR)/NTImagePicker.app/NTImagePicker";
				FRAMEWORK_SEARCH_PATHS = (
					"$(SDKROOT)/Developer/Library/Frameworks",
					"$(inherited)",
					"$(DEVELOPER_FRAMEWORKS_DIR)",
				);
				GCC_PRECOMPILE_PREFIX_HEADER = YES;
				GCC_PREFIX_HEADER = "NTImagePicker/NTImagePicker-Prefix.pch";
				INFOPLIST_FILE = "NTImagePickerTests/NTImagePickerTests-Info.plist";
				PRODUCT_NAME = "$(TARGET_NAME)";
				TEST_HOST = "$(BUNDLE_LOADER)";
				WRAPPER_EXTENSION = xctest;
			};
			name = Release;
		};
/* End XCBuildConfiguration section */

/* Begin XCConfigurationList section */
		E063BF00183C4F1500293D33 /* Build configuration list for PBXProject "NTImagePicker" */ = {
			isa = XCConfigurationList;
			buildConfigurations = (
				E063BF35183C4F1500293D33 /* Debug */,
				E063BF36183C4F1500293D33 /* Release */,
			);
			defaultConfigurationIsVisible = 0;
			defaultConfigurationName = Release;
		};
		E063BF37183C4F1500293D33 /* Build configuration list for PBXNativeTarget "NTImagePicker" */ = {
			isa = XCConfigurationList;
			buildConfigurations = (
				E063BF38183C4F1500293D33 /* Debug */,
				E063BF39183C4F1500293D33 /* Release */,
			);
			defaultConfigurationIsVisible = 0;
			defaultConfigurationName = Release;
		};
		E063BF3A183C4F1500293D33 /* Build configuration list for PBXNativeTarget "NTImagePickerTests" */ = {
			isa = XCConfigurationList;
			buildConfigurations = (
				E063BF3B183C4F1500293D33 /* Debug */,
				E063BF3C183C4F1500293D33 /* Release */,
			);
			defaultConfigurationIsVisible = 0;
			defaultConfigurationName = Release;
		};
/* End XCConfigurationList section */
	};
	rootObject = E063BEFD183C4F1500293D33 /* Project object */;
}
